// !$*UTF8*$!
{
	archiveVersion = 1;
	classes = {
	};
	objectVersion = 46;
	objects = {

/* Begin PBXBuildFile section */
		C153CAB51D95D3D600F41B92 /* main.cpp in Sources */ = {isa = PBXBuildFile; fileRef = C153CAB41D95D3D600F41B92 /* main.cpp */; };
		C153CABE1D95D5D500F41B92 /* Fan.cpp in Sources */ = {isa = PBXBuildFile; fileRef = C153CABC1D95D5D500F41B92 /* Fan.cpp */; };
		C18CFBF71D9AF4CB00E0F00B /* EvenNumber.cpp in Sources */ = {isa = PBXBuildFile; fileRef = C18CFBF51D9AF4CB00E0F00B /* EvenNumber.cpp */; };
		C18CFBFA1D9AF56C00E0F00B /* SortCharactersinString.cpp in Sources */ = {isa = PBXBuildFile; fileRef = C18CFBF81D9AF56C00E0F00B /* SortCharactersinString.cpp */; };
		C18CFBFE1D9AF60200E0F00B /* MyIntegerClass.cpp in Sources */ = {isa = PBXBuildFile; fileRef = C18CFBFC1D9AF60200E0F00B /* MyIntegerClass.cpp */; };
		C1FB03711D99D83F009F49AC /* Quadratic.cpp in Sources */ = {isa = PBXBuildFile; fileRef = C1FB036F1D99D83F009F49AC /* Quadratic.cpp */; };
/* End PBXBuildFile section */

/* Begin PBXCopyFilesBuildPhase section */
		C153CAAF1D95D3D600F41B92 /* CopyFiles */ = {
			isa = PBXCopyFilesBuildPhase;
			buildActionMask = 2147483647;
			dstPath = /usr/share/man/man1/;
			dstSubfolderSpec = 0;
			files = (
			);
			runOnlyForDeploymentPostprocessing = 1;
		};
/* End PBXCopyFilesBuildPhase section */

/* Begin PBXFileReference section */
		C153CAB11D95D3D600F41B92 /* HW #03 */ = {isa = PBXFileReference; explicitFileType = "compiled.mach-o.executable"; includeInIndex = 0; path = "HW #03"; sourceTree = BUILT_PRODUCTS_DIR; };
		C153CAB41D95D3D600F41B92 /* main.cpp */ = {isa = PBXFileReference; lastKnownFileType = sourcecode.cpp.cpp; path = main.cpp; sourceTree = "<group>"; };
		C153CABC1D95D5D500F41B92 /* Fan.cpp */ = {isa = PBXFileReference; fileEncoding = 4; lastKnownFileType = sourcecode.cpp.cpp; path = Fan.cpp; sourceTree = "<group>"; };
		C153CABD1D95D5D500F41B92 /* Fan.h */ = {isa = PBXFileReference; fileEncoding = 4; lastKnownFileType = sourcecode.c.h; path = Fan.h; sourceTree = "<group>"; };
		C18CFBF51D9AF4CB00E0F00B /* EvenNumber.cpp */ = {isa = PBXFileReference; fileEncoding = 4; lastKnownFileType = sourcecode.cpp.cpp; path = EvenNumber.cpp; sourceTree = "<group>"; };
		C18CFBF61D9AF4CB00E0F00B /* EvenNumber.hpp */ = {isa = PBXFileReference; fileEncoding = 4; lastKnownFileType = sourcecode.cpp.h; path = EvenNumber.hpp; sourceTree = "<group>"; };
		C18CFBF81D9AF56C00E0F00B /* SortCharactersinString.cpp */ = {isa = PBXFileReference; fileEncoding = 4; lastKnownFileType = sourcecode.cpp.cpp; path = SortCharactersinString.cpp; sourceTree = "<group>"; };
		C18CFBF91D9AF56C00E0F00B /* SortCharactersinString.hpp */ = {isa = PBXFileReference; fileEncoding = 4; lastKnownFileType = sourcecode.cpp.h; path = SortCharactersinString.hpp; sourceTree = "<group>"; };
		C18CFBFC1D9AF60200E0F00B /* MyIntegerClass.cpp */ = {isa = PBXFileReference; fileEncoding = 4; lastKnownFileType = sourcecode.cpp.cpp; path = MyIntegerClass.cpp; sourceTree = "<group>"; };
		C18CFBFD1D9AF60200E0F00B /* MyIntegerClass.hpp */ = {isa = PBXFileReference; fileEncoding = 4; lastKnownFileType = sourcecode.cpp.h; path = MyIntegerClass.hpp; sourceTree = "<group>"; };
		C1FB036F1D99D83F009F49AC /* Quadratic.cpp */ = {isa = PBXFileReference; fileEncoding = 4; lastKnownFileType = sourcecode.cpp.cpp; path = Quadratic.cpp; sourceTree = "<group>"; };
		C1FB03701D99D83F009F49AC /* Quadratic.hpp */ = {isa = PBXFileReference; fileEncoding = 4; lastKnownFileType = sourcecode.cpp.h; path = Quadratic.hpp; sourceTree = "<group>"; };
/* End PBXFileReference section */

/* Begin PBXFrameworksBuildPhase section */
		C153CAAE1D95D3D600F41B92 /* Frameworks */ = {
			isa = PBXFrameworksBuildPhase;
			buildActionMask = 2147483647;
			files = (
			);
			runOnlyForDeploymentPostprocessing = 0;
		};
/* End PBXFrameworksBuildPhase section */

/* Begin PBXGroup section */
		C153CAA81D95D3D600F41B92 = {
			isa = PBXGroup;
			children = (
				C153CAB31D95D3D600F41B92 /* HW #03 */,
				C153CAB21D95D3D600F41B92 /* Products */,
			);
			sourceTree = "<group>";
		};
		C153CAB21D95D3D600F41B92 /* Products */ = {
			isa = PBXGroup;
			children = (
				C153CAB11D95D3D600F41B92 /* HW #03 */,
			);
			name = Products;
			sourceTree = "<group>";
		};
		C153CAB31D95D3D600F41B92 /* HW #03 */ = {
			isa = PBXGroup;
			children = (
				C153CAB41D95D3D600F41B92 /* main.cpp */,
				C153CABD1D95D5D500F41B92 /* Fan.h */,
				C153CABC1D95D5D500F41B92 /* Fan.cpp */,
				C1FB03701D99D83F009F49AC /* Quadratic.hpp */,
				C1FB036F1D99D83F009F49AC /* Quadratic.cpp */,
				C18CFBF61D9AF4CB00E0F00B /* EvenNumber.hpp */,
				C18CFBF51D9AF4CB00E0F00B /* EvenNumber.cpp */,
				C18CFBF91D9AF56C00E0F00B /* SortCharactersinString.hpp */,
				C18CFBF81D9AF56C00E0F00B /* SortCharactersinString.cpp */,
				C18CFBFD1D9AF60200E0F00B /* MyIntegerClass.hpp */,
				C18CFBFC1D9AF60200E0F00B /* MyIntegerClass.cpp */,
			);
			path = "HW #03";
			sourceTree = "<group>";
		};
/* End PBXGroup section */

/* Begin PBXNativeTarget section */
		C153CAB01D95D3D600F41B92 /* HW #03 */ = {
			isa = PBXNativeTarget;
			buildConfigurationList = C153CAB81D95D3D600F41B92 /* Build configuration list for PBXNativeTarget "HW #03" */;
			buildPhases = (
				C153CAAD1D95D3D600F41B92 /* Sources */,
				C153CAAE1D95D3D600F41B92 /* Frameworks */,
				C153CAAF1D95D3D600F41B92 /* CopyFiles */,
			);
			buildRules = (
			);
			dependencies = (
			);
			name = "HW #03";
			productName = "HW #03";
			productReference = C153CAB11D95D3D600F41B92 /* HW #03 */;
			productType = "com.apple.product-type.tool";
		};
/* End PBXNativeTarget section */

/* Begin PBXProject section */
		C153CAA91D95D3D600F41B92 /* Project object */ = {
			isa = PBXProject;
			attributes = {
				LastUpgradeCheck = 0800;
				ORGANIZATIONNAME = "Megan Bruening";
				TargetAttributes = {
					C153CAB01D95D3D600F41B92 = {
						CreatedOnToolsVersion = 8.0;
						ProvisioningStyle = Automatic;
					};
				};
			};
			buildConfigurationList = C153CAAC1D95D3D600F41B92 /* Build configuration list for PBXProject "HW #03" */;
			compatibilityVersion = "Xcode 3.2";
			developmentRegion = English;
			hasScannedForEncodings = 0;
			knownRegions = (
				en,
			);
			mainGroup = C153CAA81D95D3D600F41B92;
			productRefGroup = C153CAB21D95D3D600F41B92 /* Products */;
			projectDirPath = "";
			projectRoot = "";
			targets = (
				C153CAB01D95D3D600F41B92 /* HW #03 */,
			);
		};
/* End PBXProject section */

/* Begin PBXSourcesBuildPhase section */
		C153CAAD1D95D3D600F41B92 /* Sources */ = {
			isa = PBXSourcesBuildPhase;
			buildActionMask = 2147483647;
			files = (
				C1FB03711D99D83F009F49AC /* Quadratic.cpp in Sources */,
				C153CAB51D95D3D600F41B92 /* main.cpp in Sources */,
				C18CFBF71D9AF4CB00E0F00B /* EvenNumber.cpp in Sources */,
				C153CABE1D95D5D500F41B92 /* Fan.cpp in Sources */,
				C18CFBFA1D9AF56C00E0F00B /* SortCharactersinString.cpp in Sources */,
				C18CFBFE1D9AF60200E0F00B /* MyIntegerClass.cpp in Sources */,
			);
			runOnlyForDeploymentPostprocessing = 0;
		};
/* End PBXSourcesBuildPhase section */

/* Begin XCBuildConfiguration section */
		C153CAB61D95D3D600F41B92 /* Debug */ = {
			isa = XCBuildConfiguration;
			buildSettings = {
				ALWAYS_SEARCH_USER_PATHS = NO;
				CLANG_ANALYZER_NONNULL = YES;
				CLANG_CXX_LANGUAGE_STANDARD = "gnu++0x";
				CLANG_CXX_LIBRARY = "libc++";
				CLANG_ENABLE_MODULES = YES;
				CLANG_ENABLE_OBJC_ARC = YES;
				CLANG_WARN_BOOL_CONVERSION = YES;
				CLANG_WARN_CONSTANT_CONVERSION = YES;
				CLANG_WARN_DIRECT_OBJC_ISA_USAGE = YES_ERROR;
				CLANG_WARN_DOCUMENTATION_COMMENTS = YES;
				CLANG_WARN_EMPTY_BODY = YES;
				CLANG_WARN_ENUM_CONVERSION = YES;
				CLANG_WARN_INFINITE_RECURSION = YES;
				CLANG_WARN_INT_CONVERSION = YES;
				CLANG_WARN_OBJC_ROOT_CLASS = YES_ERROR;
				CLANG_WARN_SUSPICIOUS_MOVES = YES;
				CLANG_WARN_UNREACHABLE_CODE = YES;
				CLANG_WARN__DUPLICATE_METHOD_MATCH = YES;
				CODE_SIGN_IDENTITY = "-";
				COPY_PHASE_STRIP = NO;
				DEBUG_INFORMATION_FORMAT = dwarf;
				ENABLE_STRICT_OBJC_MSGSEND = YES;
				ENABLE_TESTABILITY = YES;
				GCC_C_LANGUAGE_STANDARD = gnu99;
				GCC_DYNAMIC_NO_PIC = NO;
				GCC_NO_COMMON_BLOCKS = YES;
				GCC_OPTIMIZATION_LEVEL = 0;
				GCC_PREPROCESSOR_DEFINITIONS = (
					"DEBUG=1",
					"$(inherited)",
				);
				GCC_WARN_64_TO_32_BIT_CONVERSION = YES;
				GCC_WARN_ABOUT_RETURN_TYPE = YES_ERROR;
				GCC_WARN_UNDECLARED_SELECTOR = YES;
				GCC_WARN_UNINITIALIZED_AUTOS = YES_AGGRESSIVE;
				GCC_WARN_UNUSED_FUNCTION = YES;
				GCC_WARN_UNUSED_VARIABLE = YES;
				MACOSX_DEPLOYMENT_TARGET = 10.12;
				MTL_ENABLE_DEBUG_INFO = YES;
				ONLY_ACTIVE_ARCH = YES;
				SDKROOT = macosx;
			};
			name = Debug;
		};
		C153CAB71D95D3D600F41B92 /* Release */ = {
			isa = XCBuildConfiguration;
			buildSettings = {
				ALWAYS_SEARCH_USER_PATHS = NO;
				CLANG_ANALYZER_NONNULL = YES;
				CLANG_CXX_LANGUAGE_STANDARD = "gnu++0x";
				CLANG_CXX_LIBRARY = "libc++";
				CLANG_ENABLE_MODULES = YES;
				CLANG_ENABLE_OBJC_ARC = YES;
				CLANG_WARN_BOOL_CONVERSION = YES;
				CLANG_WARN_CONSTANT_CONVERSION = YES;
				CLANG_WARN_DIRECT_OBJC_ISA_USAGE = YES_ERROR;
				CLANG_WARN_DOCUMENTATION_COMMENTS = YES;
				CLANG_WARN_EMPTY_BODY = YES;
				CLANG_WARN_ENUM_CONVERSION = YES;
				CLANG_WARN_INFINITE_RECURSION = YES;
				CLANG_WARN_INT_CONVERSION = YES;
				CLANG_WARN_OBJC_ROOT_CLASS = YES_ERROR;
				CLANG_WARN_SUSPICIOUS_MOVES = YES;
				CLANG_WARN_UNREACHABLE_CODE = YES;
				CLANG_WARN__DUPLICATE_METHOD_MATCH = YES;
				CODE_SIGN_IDENTITY = "-";
				COPY_PHASE_STRIP = NO;
				DEBUG_INFORMATION_FORMAT = "dwarf-with-dsym";
				ENABLE_NS_ASSERTIONS = NO;
				ENABLE_STRICT_OBJC_MSGSEND = YES;
				GCC_C_LANGUAGE_STANDARD = gnu99;
				GCC_NO_COMMON_BLOCKS = YES;
				GCC_WARN_64_TO_32_BIT_CONVERSION = YES;
				GCC_WARN_ABOUT_RETURN_TYPE = YES_ERROR;
				GCC_WARN_UNDECLARED_SELECTOR = YES;
				GCC_WARN_UNINITIALIZED_AUTOS = YES_AGGRESSIVE;
				GCC_WARN_UNUSED_FUNCTION = YES;
				GCC_WARN_UNUSED_VARIABLE = YES;
				MACOSX_DEPLOYMENT_TARGET = 10.12;
				MTL_ENABLE_DEBUG_INFO = NO;
				SDKROOT = macosx;
			};
			name = Release;
		};
		C153CAB91D95D3D600F41B92 /* Debug */ = {
			isa = XCBuildConfiguration;
			buildSettings = {
				PRODUCT_NAME = "$(TARGET_NAME)";
			};
			name = Debug;
		};
		C153CABA1D95D3D600F41B92 /* Release */ = {
			isa = XCBuildConfiguration;
			buildSettings = {
				PRODUCT_NAME = "$(TARGET_NAME)";
			};
			name = Release;
		};
/* End XCBuildConfiguration section */

/* Begin XCConfigurationList section */
		C153CAAC1D95D3D600F41B92 /* Build configuration list for PBXProject "HW #03" */ = {
			isa = XCConfigurationList;
			buildConfigurations = (
				C153CAB61D95D3D600F41B92 /* Debug */,
				C153CAB71D95D3D600F41B92 /* Release */,
			);
			defaultConfigurationIsVisible = 0;
			defaultConfigurationName = Release;
		};
		C153CAB81D95D3D600F41B92 /* Build configuration list for PBXNativeTarget "HW #03" */ = {
			isa = XCConfigurationList;
			buildConfigurations = (
				C153CAB91D95D3D600F41B92 /* Debug */,
				C153CABA1D95D3D600F41B92 /* Release */,
			);
			defaultConfigurationIsVisible = 0;
			defaultConfigurationName = Release;
		};
/* End XCConfigurationList section */
	};
	rootObject = C153CAA91D95D3D600F41B92 /* Project object */;
}
